
Microsoft Visual Studio Solution File, Format Version 12.00
# Visual Studio Version 17
VisualStudioVersion = 17.11.35312.102
MinimumVisualStudioVersion = 10.0.40219.1
Project("{9A19103F-16F7-4668-BE54-9A1E7A4F7556}") = "vetcms.ServerApplication", "src\vetcms.ServerApplication\vetcms.ServerApplication.csproj", "{8D31DD97-6378-4DA7-AB3E-0A0EEC517938}"
EndProject
Project("{2150E333-8FDC-42A3-9474-1A3956D46DE8}") = "src", "src", "{14E1D375-184B-4EDA-8A52-D3556C1582D9}"
EndProject
Project("{9A19103F-16F7-4668-BE54-9A1E7A4F7556}") = "vetcms.WebApi", "src\vetcms.WebApi\vetcms.WebApi.csproj", "{3FC32995-E575-4930-B032-EADE0CF5505E}"
EndProject
Project("{9A19103F-16F7-4668-BE54-9A1E7A4F7556}") = "vetcms.SharedModels", "src\SharedModels\vetcms.SharedModels.csproj", "{A27BF9FE-F1CB-4A22-86EE-C7DF3670DF68}"
EndProject
Project("{2150E333-8FDC-42A3-9474-1A3956D46DE8}") = "Presentation", "Presentation", "{F4E0B1A6-442D-4DBA-BC98-7860B4F7E4DC}"
EndProject
Project("{9A19103F-16F7-4668-BE54-9A1E7A4F7556}") = "vetcms.ClientApplication", "src\vetcms.ClientApplication\vetcms.ClientApplication.csproj", "{0CF13B1F-254A-4E00-A35D-4B0E290E9EBA}"
EndProject
Project("{9A19103F-16F7-4668-BE54-9A1E7A4F7556}") = "vetcms.BrowserPresentation", "src\vetcms.BrowserPresentation\vetcms.BrowserPresentation.csproj", "{CF37AC65-4AD5-4A4C-8D7C-9526C8CC3FF4}"
EndProject
Project("{2150E333-8FDC-42A3-9474-1A3956D46DE8}") = "Tests", "Tests", "{F0309E4C-D04E-4062-A5A6-3200998E5D31}"
EndProject
Project("{9A19103F-16F7-4668-BE54-9A1E7A4F7556}") = "vetcms.ServerApplicationTests", "tests\vetcms.ServerApplicationTests\vetcms.ServerApplicationTests.csproj", "{3FCE1694-68A4-4971-B0DB-CCC817EE8E5D}"
EndProject
Global
	GlobalSection(SolutionConfigurationPlatforms) = preSolution
		Debug|Any CPU = Debug|Any CPU
		Release|Any CPU = Release|Any CPU
	EndGlobalSection
	GlobalSection(ProjectConfigurationPlatforms) = postSolution
		{8D31DD97-6378-4DA7-AB3E-0A0EEC517938}.Debug|Any CPU.ActiveCfg = Debug|Any CPU
		{8D31DD97-6378-4DA7-AB3E-0A0EEC517938}.Debug|Any CPU.Build.0 = Debug|Any CPU
		{8D31DD97-6378-4DA7-AB3E-0A0EEC517938}.Release|Any CPU.ActiveCfg = Release|Any CPU
		{8D31DD97-6378-4DA7-AB3E-0A0EEC517938}.Release|Any CPU.Build.0 = Release|Any CPU
		{3FC32995-E575-4930-B032-EADE0CF5505E}.Debug|Any CPU.ActiveCfg = Debug|Any CPU
		{3FC32995-E575-4930-B032-EADE0CF5505E}.Debug|Any CPU.Build.0 = Debug|Any CPU
		{3FC32995-E575-4930-B032-EADE0CF5505E}.Release|Any CPU.ActiveCfg = Release|Any CPU
		{3FC32995-E575-4930-B032-EADE0CF5505E}.Release|Any CPU.Build.0 = Release|Any CPU
		{A27BF9FE-F1CB-4A22-86EE-C7DF3670DF68}.Debug|Any CPU.ActiveCfg = Debug|Any CPU
		{A27BF9FE-F1CB-4A22-86EE-C7DF3670DF68}.Debug|Any CPU.Build.0 = Debug|Any CPU
		{A27BF9FE-F1CB-4A22-86EE-C7DF3670DF68}.Release|Any CPU.ActiveCfg = Release|Any CPU
		{A27BF9FE-F1CB-4A22-86EE-C7DF3670DF68}.Release|Any CPU.Build.0 = Release|Any CPU
		{0CF13B1F-254A-4E00-A35D-4B0E290E9EBA}.Debug|Any CPU.ActiveCfg = Debug|Any CPU
		{0CF13B1F-254A-4E00-A35D-4B0E290E9EBA}.Debug|Any CPU.Build.0 = Debug|Any CPU
		{0CF13B1F-254A-4E00-A35D-4B0E290E9EBA}.Release|Any CPU.ActiveCfg = Release|Any CPU
		{0CF13B1F-254A-4E00-A35D-4B0E290E9EBA}.Release|Any CPU.Build.0 = Release|Any CPU
		{CF37AC65-4AD5-4A4C-8D7C-9526C8CC3FF4}.Debug|Any CPU.ActiveCfg = Debug|Any CPU
		{CF37AC65-4AD5-4A4C-8D7C-9526C8CC3FF4}.Debug|Any CPU.Build.0 = Debug|Any CPU
		{CF37AC65-4AD5-4A4C-8D7C-9526C8CC3FF4}.Release|Any CPU.ActiveCfg = Release|Any CPU
		{CF37AC65-4AD5-4A4C-8D7C-9526C8CC3FF4}.Release|Any CPU.Build.0 = Release|Any CPU
		{3FCE1694-68A4-4971-B0DB-CCC817EE8E5D}.Debug|Any CPU.ActiveCfg = Debug|Any CPU
		{3FCE1694-68A4-4971-B0DB-CCC817EE8E5D}.Debug|Any CPU.Build.0 = Debug|Any CPU
		{3FCE1694-68A4-4971-B0DB-CCC817EE8E5D}.Release|Any CPU.ActiveCfg = Release|Any CPU
		{3FCE1694-68A4-4971-B0DB-CCC817EE8E5D}.Release|Any CPU.Build.0 = Release|Any CPU
	EndGlobalSection
	GlobalSection(SolutionProperties) = preSolution
		HideSolutionNode = FALSE
	EndGlobalSection
	GlobalSection(NestedProjects) = preSolution
		{8D31DD97-6378-4DA7-AB3E-0A0EEC517938} = {14E1D375-184B-4EDA-8A52-D3556C1582D9}
		{3FC32995-E575-4930-B032-EADE0CF5505E} = {F4E0B1A6-442D-4DBA-BC98-7860B4F7E4DC}
		{A27BF9FE-F1CB-4A22-86EE-C7DF3670DF68} = {14E1D375-184B-4EDA-8A52-D3556C1582D9}
		{F4E0B1A6-442D-4DBA-BC98-7860B4F7E4DC} = {14E1D375-184B-4EDA-8A52-D3556C1582D9}
		{0CF13B1F-254A-4E00-A35D-4B0E290E9EBA} = {14E1D375-184B-4EDA-8A52-D3556C1582D9}
		{CF37AC65-4AD5-4A4C-8D7C-9526C8CC3FF4} = {F4E0B1A6-442D-4DBA-BC98-7860B4F7E4DC}
		{3FCE1694-68A4-4971-B0DB-CCC817EE8E5D} = {F0309E4C-D04E-4062-A5A6-3200998E5D31}
	EndGlobalSection
	GlobalSection(ExtensibilityGlobals) = postSolution
		SolutionGuid = {CCC49C0E-5310-480B-A996-A97A929CE1B5}
	EndGlobalSection
EndGlobal
