
Microsoft Visual Studio Solution File, Format Version 12.00
# Visual Studio Version 17
VisualStudioVersion = 17.11.35312.102
MinimumVisualStudioVersion = 10.0.40219.1
Project("{2150E333-8FDC-42A3-9474-1A3956D46DE8}") = "src", "src", "{659E4A04-36C7-4AB2-8E3D-67E1BA7EB3FF}"
EndProject
Project("{2150E333-8FDC-42A3-9474-1A3956D46DE8}") = "Presentation", "Presentation", "{0D7F1F72-F604-4AE4-B753-9123CF34C056}"
EndProject
Project("{FAE04EC0-301F-11D3-BF4B-00C04F79EFBC}") = "vetcms.WebApi", "WebApi\vetcms.WebApi.csproj", "{FF79FCC9-6033-4948-9660-2F7F8B0139B5}"
EndProject
Project("{FAE04EC0-301F-11D3-BF4B-00C04F79EFBC}") = "vetcms.WebUi", "WebUi\vetcms.WebUi.csproj", "{795E5059-8CFB-47C3-90BD-6D171D679957}"
EndProject
Project("{2150E333-8FDC-42A3-9474-1A3956D46DE8}") = "Core", "Core", "{90683464-D168-4E50-976C-0E42392366F1}"
EndProject
Project("{2150E333-8FDC-42A3-9474-1A3956D46DE8}") = "Infrastructure", "Infrastructure", "{81F48BC0-4C70-4268-B4DD-F79C0EBA8175}"
EndProject
Project("{FAE04EC0-301F-11D3-BF4B-00C04F79EFBC}") = "vetcms.Infrastructure", "vetcms.Infrastructure\vetcms.Infrastructure.csproj", "{40CF027C-0947-414F-B6F9-1ABC82F93A9E}"
EndProject
Project("{FAE04EC0-301F-11D3-BF4B-00C04F79EFBC}") = "vetcms.Application", "vetcms.Application\vetcms.Application.csproj", "{8791B668-5859-4074-838A-AF28CD7007E4}"
EndProject
Project("{FAE04EC0-301F-11D3-BF4B-00C04F79EFBC}") = "vetcms.Domain", "vetcms.Domain\vetcms.Domain.csproj", "{1DA489E9-D3C9-4284-83F8-3AED05F4FB6B}"
EndProject
Global
	GlobalSection(SolutionConfigurationPlatforms) = preSolution
		Debug|Any CPU = Debug|Any CPU
		Release|Any CPU = Release|Any CPU
	EndGlobalSection
	GlobalSection(ProjectConfigurationPlatforms) = postSolution
		{FF79FCC9-6033-4948-9660-2F7F8B0139B5}.Debug|Any CPU.ActiveCfg = Debug|Any CPU
		{FF79FCC9-6033-4948-9660-2F7F8B0139B5}.Debug|Any CPU.Build.0 = Debug|Any CPU
		{FF79FCC9-6033-4948-9660-2F7F8B0139B5}.Release|Any CPU.ActiveCfg = Release|Any CPU
		{FF79FCC9-6033-4948-9660-2F7F8B0139B5}.Release|Any CPU.Build.0 = Release|Any CPU
		{795E5059-8CFB-47C3-90BD-6D171D679957}.Debug|Any CPU.ActiveCfg = Debug|Any CPU
		{795E5059-8CFB-47C3-90BD-6D171D679957}.Debug|Any CPU.Build.0 = Debug|Any CPU
		{795E5059-8CFB-47C3-90BD-6D171D679957}.Release|Any CPU.ActiveCfg = Release|Any CPU
		{795E5059-8CFB-47C3-90BD-6D171D679957}.Release|Any CPU.Build.0 = Release|Any CPU
		{40CF027C-0947-414F-B6F9-1ABC82F93A9E}.Debug|Any CPU.ActiveCfg = Debug|Any CPU
		{40CF027C-0947-414F-B6F9-1ABC82F93A9E}.Debug|Any CPU.Build.0 = Debug|Any CPU
		{40CF027C-0947-414F-B6F9-1ABC82F93A9E}.Release|Any CPU.ActiveCfg = Release|Any CPU
		{40CF027C-0947-414F-B6F9-1ABC82F93A9E}.Release|Any CPU.Build.0 = Release|Any CPU
		{8791B668-5859-4074-838A-AF28CD7007E4}.Debug|Any CPU.ActiveCfg = Debug|Any CPU
		{8791B668-5859-4074-838A-AF28CD7007E4}.Debug|Any CPU.Build.0 = Debug|Any CPU
		{8791B668-5859-4074-838A-AF28CD7007E4}.Release|Any CPU.ActiveCfg = Release|Any CPU
		{8791B668-5859-4074-838A-AF28CD7007E4}.Release|Any CPU.Build.0 = Release|Any CPU
		{1DA489E9-D3C9-4284-83F8-3AED05F4FB6B}.Debug|Any CPU.ActiveCfg = Debug|Any CPU
		{1DA489E9-D3C9-4284-83F8-3AED05F4FB6B}.Debug|Any CPU.Build.0 = Debug|Any CPU
		{1DA489E9-D3C9-4284-83F8-3AED05F4FB6B}.Release|Any CPU.ActiveCfg = Release|Any CPU
		{1DA489E9-D3C9-4284-83F8-3AED05F4FB6B}.Release|Any CPU.Build.0 = Release|Any CPU
	EndGlobalSection
	GlobalSection(SolutionProperties) = preSolution
		HideSolutionNode = FALSE
	EndGlobalSection
	GlobalSection(NestedProjects) = preSolution
		{0D7F1F72-F604-4AE4-B753-9123CF34C056} = {659E4A04-36C7-4AB2-8E3D-67E1BA7EB3FF}
		{FF79FCC9-6033-4948-9660-2F7F8B0139B5} = {0D7F1F72-F604-4AE4-B753-9123CF34C056}
		{795E5059-8CFB-47C3-90BD-6D171D679957} = {0D7F1F72-F604-4AE4-B753-9123CF34C056}
		{90683464-D168-4E50-976C-0E42392366F1} = {659E4A04-36C7-4AB2-8E3D-67E1BA7EB3FF}
		{81F48BC0-4C70-4268-B4DD-F79C0EBA8175} = {659E4A04-36C7-4AB2-8E3D-67E1BA7EB3FF}
		{40CF027C-0947-414F-B6F9-1ABC82F93A9E} = {81F48BC0-4C70-4268-B4DD-F79C0EBA8175}
		{8791B668-5859-4074-838A-AF28CD7007E4} = {90683464-D168-4E50-976C-0E42392366F1}
		{1DA489E9-D3C9-4284-83F8-3AED05F4FB6B} = {90683464-D168-4E50-976C-0E42392366F1}
	EndGlobalSection
	GlobalSection(ExtensibilityGlobals) = postSolution
		SolutionGuid = {CCC49C0E-5310-480B-A996-A97A929CE1B5}
	EndGlobalSection
EndGlobal
